// !$*UTF8*$!
{
	archiveVersion = 1;
	classes = {
	};
	objectVersion = 77;
	objects = {

/* Begin PBXContainerItemProxy section */
		F56FA9C42CD0FADF000B696D /* PBXContainerItemProxy */ = {
			isa = PBXContainerItemProxy;
			containerPortal = F56FA9AB2CD0FADD000B696D /* Project object */;
			proxyType = 1;
			remoteGlobalIDString = F56FA9B22CD0FADD000B696D;
			remoteInfo = ZoomPanView;
		};
		F56FA9CE2CD0FADF000B696D /* PBXContainerItemProxy */ = {
			isa = PBXContainerItemProxy;
			containerPortal = F56FA9AB2CD0FADD000B696D /* Project object */;
			proxyType = 1;
			remoteGlobalIDString = F56FA9B22CD0FADD000B696D;
			remoteInfo = ZoomPanView;
		};
/* End PBXContainerItemProxy section */

/* Begin PBXFileReference section */
		F56FA9B32CD0FADD000B696D /* ZoomPanView.app */ = {isa = PBXFileReference; explicitFileType = wrapper.application; includeInIndex = 0; path = ZoomPanView.app; sourceTree = BUILT_PRODUCTS_DIR; };
		F56FA9C32CD0FADF000B696D /* ZoomPanViewTests.xctest */ = {isa = PBXFileReference; explicitFileType = wrapper.cfbundle; includeInIndex = 0; path = ZoomPanViewTests.xctest; sourceTree = BUILT_PRODUCTS_DIR; };
		F56FA9CD2CD0FADF000B696D /* ZoomPanViewUITests.xctest */ = {isa = PBXFileReference; explicitFileType = wrapper.cfbundle; includeInIndex = 0; path = ZoomPanViewUITests.xctest; sourceTree = BUILT_PRODUCTS_DIR; };
/* End PBXFileReference section */

/* Begin PBXFileSystemSynchronizedRootGroup section */
		F56FA9B52CD0FADD000B696D /* ZoomPanView */ = {
			isa = PBXFileSystemSynchronizedRootGroup;
			path = ZoomPanView;
			sourceTree = "<group>";
		};
		F56FA9C62CD0FADF000B696D /* ZoomPanViewTests */ = {
			isa = PBXFileSystemSynchronizedRootGroup;
			path = ZoomPanViewTests;
			sourceTree = "<group>";
		};
		F56FA9D02CD0FADF000B696D /* ZoomPanViewUITests */ = {
			isa = PBXFileSystemSynchronizedRootGroup;
			path = ZoomPanViewUITests;
			sourceTree = "<group>";
		};
/* End PBXFileSystemSynchronizedRootGroup section */

/* Begin PBXFrameworksBuildPhase section */
		F56FA9B02CD0FADD000B696D /* Frameworks */ = {
			isa = PBXFrameworksBuildPhase;
			buildActionMask = 2147483647;
			files = (
			);
			runOnlyForDeploymentPostprocessing = 0;
		};
		F56FA9C02CD0FADF000B696D /* Frameworks */ = {
			isa = PBXFrameworksBuildPhase;
			buildActionMask = 2147483647;
			files = (
			);
			runOnlyForDeploymentPostprocessing = 0;
		};
		F56FA9CA2CD0FADF000B696D /* Frameworks */ = {
			isa = PBXFrameworksBuildPhase;
			buildActionMask = 2147483647;
			files = (
			);
			runOnlyForDeploymentPostprocessing = 0;
		};
/* End PBXFrameworksBuildPhase section */

/* Begin PBXGroup section */
		F56FA9AA2CD0FADD000B696D = {
			isa = PBXGroup;
			children = (
				F56FA9B52CD0FADD000B696D /* ZoomPanView */,
				F56FA9C62CD0FADF000B696D /* ZoomPanViewTests */,
				F56FA9D02CD0FADF000B696D /* ZoomPanViewUITests */,
				F56FA9B42CD0FADD000B696D /* Products */,
			);
			sourceTree = "<group>";
		};
		F56FA9B42CD0FADD000B696D /* Products */ = {
			isa = PBXGroup;
			children = (
				F56FA9B32CD0FADD000B696D /* ZoomPanView.app */,
				F56FA9C32CD0FADF000B696D /* ZoomPanViewTests.xctest */,
				F56FA9CD2CD0FADF000B696D /* ZoomPanViewUITests.xctest */,
			);
			name = Products;
			sourceTree = "<group>";
		};
/* End PBXGroup section */

/* Begin PBXNativeTarget section */
		F56FA9B22CD0FADD000B696D /* ZoomPanView */ = {
			isa = PBXNativeTarget;
			buildConfigurationList = F56FA9D72CD0FADF000B696D /* Build configuration list for PBXNativeTarget "ZoomPanView" */;
			buildPhases = (
				F56FA9AF2CD0FADD000B696D /* Sources */,
				F56FA9B02CD0FADD000B696D /* Frameworks */,
				F56FA9B12CD0FADD000B696D /* Resources */,
			);
			buildRules = (
			);
			dependencies = (
			);
			fileSystemSynchronizedGroups = (
				F56FA9B52CD0FADD000B696D /* ZoomPanView */,
			);
			name = ZoomPanView;
			packageProductDependencies = (
			);
			productName = ZoomPanView;
			productReference = F56FA9B32CD0FADD000B696D /* ZoomPanView.app */;
			productType = "com.apple.product-type.application";
		};
		F56FA9C22CD0FADF000B696D /* ZoomPanViewTests */ = {
			isa = PBXNativeTarget;
			buildConfigurationList = F56FA9DA2CD0FADF000B696D /* Build configuration list for PBXNativeTarget "ZoomPanViewTests" */;
			buildPhases = (
				F56FA9BF2CD0FADF000B696D /* Sources */,
				F56FA9C02CD0FADF000B696D /* Frameworks */,
				F56FA9C12CD0FADF000B696D /* Resources */,
			);
			buildRules = (
			);
			dependencies = (
				F56FA9C52CD0FADF000B696D /* PBXTargetDependency */,
			);
			fileSystemSynchronizedGroups = (
				F56FA9C62CD0FADF000B696D /* ZoomPanViewTests */,
			);
			name = ZoomPanViewTests;
			packageProductDependencies = (
			);
			productName = ZoomPanViewTests;
			productReference = F56FA9C32CD0FADF000B696D /* ZoomPanViewTests.xctest */;
			productType = "com.apple.product-type.bundle.unit-test";
		};
		F56FA9CC2CD0FADF000B696D /* ZoomPanViewUITests */ = {
			isa = PBXNativeTarget;
			buildConfigurationList = F56FA9DD2CD0FADF000B696D /* Build configuration list for PBXNativeTarget "ZoomPanViewUITests" */;
			buildPhases = (
				F56FA9C92CD0FADF000B696D /* Sources */,
				F56FA9CA2CD0FADF000B696D /* Frameworks */,
				F56FA9CB2CD0FADF000B696D /* Resources */,
			);
			buildRules = (
			);
			dependencies = (
				F56FA9CF2CD0FADF000B696D /* PBXTargetDependency */,
			);
			fileSystemSynchronizedGroups = (
				F56FA9D02CD0FADF000B696D /* ZoomPanViewUITests */,
			);
			name = ZoomPanViewUITests;
			packageProductDependencies = (
			);
			productName = ZoomPanViewUITests;
			productReference = F56FA9CD2CD0FADF000B696D /* ZoomPanViewUITests.xctest */;
			productType = "com.apple.product-type.bundle.ui-testing";
		};
/* End PBXNativeTarget section */

/* Begin PBXProject section */
		F56FA9AB2CD0FADD000B696D /* Project object */ = {
			isa = PBXProject;
			attributes = {
				BuildIndependentTargetsInParallel = 1;
				LastSwiftUpdateCheck = 1600;
				LastUpgradeCheck = 1600;
				TargetAttributes = {
					F56FA9B22CD0FADD000B696D = {
						CreatedOnToolsVersion = 16.0;
					};
					F56FA9C22CD0FADF000B696D = {
						CreatedOnToolsVersion = 16.0;
						TestTargetID = F56FA9B22CD0FADD000B696D;
					};
					F56FA9CC2CD0FADF000B696D = {
						CreatedOnToolsVersion = 16.0;
						TestTargetID = F56FA9B22CD0FADD000B696D;
					};
				};
			};
			buildConfigurationList = F56FA9AE2CD0FADD000B696D /* Build configuration list for PBXProject "ZoomPanView" */;
			developmentRegion = en;
			hasScannedForEncodings = 0;
			knownRegions = (
				en,
				Base,
			);
			mainGroup = F56FA9AA2CD0FADD000B696D;
			minimizedProjectReferenceProxies = 1;
			preferredProjectObjectVersion = 77;
			productRefGroup = F56FA9B42CD0FADD000B696D /* Products */;
			projectDirPath = "";
			projectRoot = "";
			targets = (
				F56FA9B22CD0FADD000B696D /* ZoomPanView */,
				F56FA9C22CD0FADF000B696D /* ZoomPanViewTests */,
				F56FA9CC2CD0FADF000B696D /* ZoomPanViewUITests */,
			);
		};
/* End PBXProject section */

/* Begin PBXResourcesBuildPhase section */
		F56FA9B12CD0FADD000B696D /* Resources */ = {
			isa = PBXResourcesBuildPhase;
			buildActionMask = 2147483647;
			files = (
			);
			runOnlyForDeploymentPostprocessing = 0;
		};
		F56FA9C12CD0FADF000B696D /* Resources */ = {
			isa = PBXResourcesBuildPhase;
			buildActionMask = 2147483647;
			files = (
			);
			runOnlyForDeploymentPostprocessing = 0;
		};
		F56FA9CB2CD0FADF000B696D /* Resources */ = {
			isa = PBXResourcesBuildPhase;
			buildActionMask = 2147483647;
			files = (
			);
			runOnlyForDeploymentPostprocessing = 0;
		};
/* End PBXResourcesBuildPhase section */

/* Begin PBXSourcesBuildPhase section */
		F56FA9AF2CD0FADD000B696D /* Sources */ = {
			isa = PBXSourcesBuildPhase;
			buildActionMask = 2147483647;
			files = (
			);
			runOnlyForDeploymentPostprocessing = 0;
		};
		F56FA9BF2CD0FADF000B696D /* Sources */ = {
			isa = PBXSourcesBuildPhase;
			buildActionMask = 2147483647;
			files = (
			);
			runOnlyForDeploymentPostprocessing = 0;
		};
		F56FA9C92CD0FADF000B696D /* Sources */ = {
			isa = PBXSourcesBuildPhase;
			buildActionMask = 2147483647;
			files = (
			);
			runOnlyForDeploymentPostprocessing = 0;
		};
/* End PBXSourcesBuildPhase section */

/* Begin PBXTargetDependency section */
		F56FA9C52CD0FADF000B696D /* PBXTargetDependency */ = {
			isa = PBXTargetDependency;
			target = F56FA9B22CD0FADD000B696D /* ZoomPanView */;
			targetProxy = F56FA9C42CD0FADF000B696D /* PBXContainerItemProxy */;
		};
		F56FA9CF2CD0FADF000B696D /* PBXTargetDependency */ = {
			isa = PBXTargetDependency;
			target = F56FA9B22CD0FADD000B696D /* ZoomPanView */;
			targetProxy = F56FA9CE2CD0FADF000B696D /* PBXContainerItemProxy */;
		};
/* End PBXTargetDependency section */

/* Begin XCBuildConfiguration section */
		F56FA9D52CD0FADF000B696D /* Debug */ = {
			isa = XCBuildConfiguration;
			buildSettings = {
				ALWAYS_SEARCH_USER_PATHS = NO;
				ASSETCATALOG_COMPILER_GENERATE_SWIFT_ASSET_SYMBOL_EXTENSIONS = YES;
				CLANG_ANALYZER_NONNULL = YES;
				CLANG_ANALYZER_NUMBER_OBJECT_CONVERSION = YES_AGGRESSIVE;
				CLANG_CXX_LANGUAGE_STANDARD = "gnu++20";
				CLANG_ENABLE_MODULES = YES;
				CLANG_ENABLE_OBJC_ARC = YES;
				CLANG_ENABLE_OBJC_WEAK = YES;
				CLANG_WARN_BLOCK_CAPTURE_AUTORELEASING = YES;
				CLANG_WARN_BOOL_CONVERSION = YES;
				CLANG_WARN_COMMA = YES;
				CLANG_WARN_CONSTANT_CONVERSION = YES;
				CLANG_WARN_DEPRECATED_OBJC_IMPLEMENTATIONS = YES;
				CLANG_WARN_DIRECT_OBJC_ISA_USAGE = YES_ERROR;
				CLANG_WARN_DOCUMENTATION_COMMENTS = YES;
				CLANG_WARN_EMPTY_BODY = YES;
				CLANG_WARN_ENUM_CONVERSION = YES;
				CLANG_WARN_INFINITE_RECURSION = YES;
				CLANG_WARN_INT_CONVERSION = YES;
				CLANG_WARN_NON_LITERAL_NULL_CONVERSION = YES;
				CLANG_WARN_OBJC_IMPLICIT_RETAIN_SELF = YES;
				CLANG_WARN_OBJC_LITERAL_CONVERSION = YES;
				CLANG_WARN_OBJC_ROOT_CLASS = YES_ERROR;
				CLANG_WARN_QUOTED_INCLUDE_IN_FRAMEWORK_HEADER = YES;
				CLANG_WARN_RANGE_LOOP_ANALYSIS = YES;
				CLANG_WARN_STRICT_PROTOTYPES = YES;
				CLANG_WARN_SUSPICIOUS_MOVE = YES;
				CLANG_WARN_UNGUARDED_AVAILABILITY = YES_AGGRESSIVE;
				CLANG_WARN_UNREACHABLE_CODE = YES;
				CLANG_WARN__DUPLICATE_METHOD_MATCH = YES;
				COPY_PHASE_STRIP = NO;
				DEBUG_INFORMATION_FORMAT = dwarf;
				ENABLE_STRICT_OBJC_MSGSEND = YES;
				ENABLE_TESTABILITY = YES;
				ENABLE_USER_SCRIPT_SANDBOXING = YES;
				GCC_C_LANGUAGE_STANDARD = gnu17;
				GCC_DYNAMIC_NO_PIC = NO;
				GCC_NO_COMMON_BLOCKS = YES;
				GCC_OPTIMIZATION_LEVEL = 0;
				GCC_PREPROCESSOR_DEFINITIONS = (
					"DEBUG=1",
					"$(inherited)",
				);
				GCC_WARN_64_TO_32_BIT_CONVERSION = YES;
				GCC_WARN_ABOUT_RETURN_TYPE = YES_ERROR;
				GCC_WARN_UNDECLARED_SELECTOR = YES;
				GCC_WARN_UNINITIALIZED_AUTOS = YES_AGGRESSIVE;
				GCC_WARN_UNUSED_FUNCTION = YES;
				GCC_WARN_UNUSED_VARIABLE = YES;
				IPHONEOS_DEPLOYMENT_TARGET = 18.0;
				LOCALIZATION_PREFERS_STRING_CATALOGS = YES;
				MTL_ENABLE_DEBUG_INFO = INCLUDE_SOURCE;
				MTL_FAST_MATH = YES;
				ONLY_ACTIVE_ARCH = YES;
				SDKROOT = iphoneos;
				SWIFT_ACTIVE_COMPILATION_CONDITIONS = "DEBUG $(inherited)";
				SWIFT_OPTIMIZATION_LEVEL = "-Onone";
			};
			name = Debug;
		};
		F56FA9D62CD0FADF000B696D /* Release */ = {
			isa = XCBuildConfiguration;
			buildSettings = {
				ALWAYS_SEARCH_USER_PATHS = NO;
				ASSETCATALOG_COMPILER_GENERATE_SWIFT_ASSET_SYMBOL_EXTENSIONS = YES;
				CLANG_ANALYZER_NONNULL = YES;
				CLANG_ANALYZER_NUMBER_OBJECT_CONVERSION = YES_AGGRESSIVE;
				CLANG_CXX_LANGUAGE_STANDARD = "gnu++20";
				CLANG_ENABLE_MODULES = YES;
				CLANG_ENABLE_OBJC_ARC = YES;
				CLANG_ENABLE_OBJC_WEAK = YES;
				CLANG_WARN_BLOCK_CAPTURE_AUTORELEASING = YES;
				CLANG_WARN_BOOL_CONVERSION = YES;
				CLANG_WARN_COMMA = YES;
				CLANG_WARN_CONSTANT_CONVERSION = YES;
				CLANG_WARN_DEPRECATED_OBJC_IMPLEMENTATIONS = YES;
				CLANG_WARN_DIRECT_OBJC_ISA_USAGE = YES_ERROR;
				CLANG_WARN_DOCUMENTATION_COMMENTS = YES;
				CLANG_WARN_EMPTY_BODY = YES;
				CLANG_WARN_ENUM_CONVERSION = YES;
				CLANG_WARN_INFINITE_RECURSION = YES;
				CLANG_WARN_INT_CONVERSION = YES;
				CLANG_WARN_NON_LITERAL_NULL_CONVERSION = YES;
				CLANG_WARN_OBJC_IMPLICIT_RETAIN_SELF = YES;
				CLANG_WARN_OBJC_LITERAL_CONVERSION = YES;
				CLANG_WARN_OBJC_ROOT_CLASS = YES_ERROR;
				CLANG_WARN_QUOTED_INCLUDE_IN_FRAMEWORK_HEADER = YES;
				CLANG_WARN_RANGE_LOOP_ANALYSIS = YES;
				CLANG_WARN_STRICT_PROTOTYPES = YES;
				CLANG_WARN_SUSPICIOUS_MOVE = YES;
				CLANG_WARN_UNGUARDED_AVAILABILITY = YES_AGGRESSIVE;
				CLANG_WARN_UNREACHABLE_CODE = YES;
				CLANG_WARN__DUPLICATE_METHOD_MATCH = YES;
				COPY_PHASE_STRIP = NO;
				DEBUG_INFORMATION_FORMAT = "dwarf-with-dsym";
				ENABLE_NS_ASSERTIONS = NO;
				ENABLE_STRICT_OBJC_MSGSEND = YES;
				ENABLE_USER_SCRIPT_SANDBOXING = YES;
				GCC_C_LANGUAGE_STANDARD = gnu17;
				GCC_NO_COMMON_BLOCKS = YES;
				GCC_WARN_64_TO_32_BIT_CONVERSION = YES;
				GCC_WARN_ABOUT_RETURN_TYPE = YES_ERROR;
				GCC_WARN_UNDECLARED_SELECTOR = YES;
				GCC_WARN_UNINITIALIZED_AUTOS = YES_AGGRESSIVE;
				GCC_WARN_UNUSED_FUNCTION = YES;
				GCC_WARN_UNUSED_VARIABLE = YES;
				IPHONEOS_DEPLOYMENT_TARGET = 18.0;
				LOCALIZATION_PREFERS_STRING_CATALOGS = YES;
				MTL_ENABLE_DEBUG_INFO = NO;
				MTL_FAST_MATH = YES;
				SDKROOT = iphoneos;
				SWIFT_COMPILATION_MODE = wholemodule;
				VALIDATE_PRODUCT = YES;
			};
			name = Release;
		};
		F56FA9D82CD0FADF000B696D /* Debug */ = {
			isa = XCBuildConfiguration;
			buildSettings = {
				ASSETCATALOG_COMPILER_APPICON_NAME = AppIcon;
				ASSETCATALOG_COMPILER_GLOBAL_ACCENT_COLOR_NAME = AccentColor;
				CODE_SIGN_STYLE = Automatic;
				CURRENT_PROJECT_VERSION = 1;
				DEVELOPMENT_ASSET_PATHS = "\"ZoomPanView/Preview Content\"";
				DEVELOPMENT_TEAM = 6793T2GZPD;
				ENABLE_PREVIEWS = YES;
				GENERATE_INFOPLIST_FILE = YES;
				INFOPLIST_KEY_UIApplicationSceneManifest_Generation = YES;
				INFOPLIST_KEY_UIApplicationSupportsIndirectInputEvents = YES;
				INFOPLIST_KEY_UILaunchScreen_Generation = YES;
				INFOPLIST_KEY_UISupportedInterfaceOrientations_iPad = "UIInterfaceOrientationPortrait UIInterfaceOrientationPortraitUpsideDown UIInterfaceOrientationLandscapeLeft UIInterfaceOrientationLandscapeRight";
				INFOPLIST_KEY_UISupportedInterfaceOrientations_iPhone = "UIInterfaceOrientationPortrait UIInterfaceOrientationLandscapeLeft UIInterfaceOrientationLandscapeRight";
				IPHONEOS_DEPLOYMENT_TARGET = 15.6;
				LD_RUNPATH_SEARCH_PATHS = (
					"$(inherited)",
					"@executable_path/Frameworks",
				);
				MARKETING_VERSION = 1.0;
				PRODUCT_BUNDLE_IDENTIFIER = pyronix.ZoomPanView;
				PRODUCT_NAME = "$(TARGET_NAME)";
				SWIFT_EMIT_LOC_STRINGS = YES;
				SWIFT_VERSION = 5.0;
				TARGETED_DEVICE_FAMILY = "1,2";
			};
			name = Debug;
		};
		F56FA9D92CD0FADF000B696D /* Release */ = {
			isa = XCBuildConfiguration;
			buildSettings = {
				ASSETCATALOG_COMPILER_APPICON_NAME = AppIcon;
				ASSETCATALOG_COMPILER_GLOBAL_ACCENT_COLOR_NAME = AccentColor;
				CODE_SIGN_STYLE = Automatic;
				CURRENT_PROJECT_VERSION = 1;
				DEVELOPMENT_ASSET_PATHS = "\"ZoomPanView/Preview Content\"";
				DEVELOPMENT_TEAM = 6793T2GZPD;
				ENABLE_PREVIEWS = YES;
				GENERATE_INFOPLIST_FILE = YES;
				INFOPLIST_KEY_UIApplicationSceneManifest_Generation = YES;
				INFOPLIST_KEY_UIApplicationSupportsIndirectInputEvents = YES;
				INFOPLIST_KEY_UILaunchScreen_Generation = YES;
				INFOPLIST_KEY_UISupportedInterfaceOrientations_iPad = "UIInterfaceOrientationPortrait UIInterfaceOrientationPortraitUpsideDown UIInterfaceOrientationLandscapeLeft UIInterfaceOrientationLandscapeRight";
				INFOPLIST_KEY_UISupportedInterfaceOrientations_iPhone = "UIInterfaceOrientationPortrait UIInterfaceOrientationLandscapeLeft UIInterfaceOrientationLandscapeRight";
				IPHONEOS_DEPLOYMENT_TARGET = 15.6;
				LD_RUNPATH_SEARCH_PATHS = (
					"$(inherited)",
					"@executable_path/Frameworks",
				);
				MARKETING_VERSION = 1.0;
				PRODUCT_BUNDLE_IDENTIFIER = pyronix.ZoomPanView;
				PRODUCT_NAME = "$(TARGET_NAME)";
				SWIFT_EMIT_LOC_STRINGS = YES;
				SWIFT_VERSION = 5.0;
				TARGETED_DEVICE_FAMILY = "1,2";
			};
			name = Release;
		};
		F56FA9DB2CD0FADF000B696D /* Debug */ = {
			isa = XCBuildConfiguration;
			buildSettings = {
				BUNDLE_LOADER = "$(TEST_HOST)";
				CODE_SIGN_STYLE = Automatic;
				CURRENT_PROJECT_VERSION = 1;
				DEVELOPMENT_TEAM = 6793T2GZPD;
				GENERATE_INFOPLIST_FILE = YES;
				IPHONEOS_DEPLOYMENT_TARGET = 18.0;
				MARKETING_VERSION = 1.0;
				PRODUCT_BUNDLE_IDENTIFIER = pyronix.ZoomPanViewTests;
				PRODUCT_NAME = "$(TARGET_NAME)";
				SWIFT_EMIT_LOC_STRINGS = NO;
				SWIFT_VERSION = 5.0;
				TARGETED_DEVICE_FAMILY = "1,2";
				TEST_HOST = "$(BUILT_PRODUCTS_DIR)/ZoomPanView.app/$(BUNDLE_EXECUTABLE_FOLDER_PATH)/ZoomPanView";
			};
			name = Debug;
		};
		F56FA9DC2CD0FADF000B696D /* Release */ = {
			isa = XCBuildConfiguration;
			buildSettings = {
				BUNDLE_LOADER = "$(TEST_HOST)";
				CODE_SIGN_STYLE = Automatic;
				CURRENT_PROJECT_VERSION = 1;
				DEVELOPMENT_TEAM = 6793T2GZPD;
				GENERATE_INFOPLIST_FILE = YES;
				IPHONEOS_DEPLOYMENT_TARGET = 18.0;
				MARKETING_VERSION = 1.0;
				PRODUCT_BUNDLE_IDENTIFIER = pyronix.ZoomPanViewTests;
				PRODUCT_NAME = "$(TARGET_NAME)";
				SWIFT_EMIT_LOC_STRINGS = NO;
				SWIFT_VERSION = 5.0;
				TARGETED_DEVICE_FAMILY = "1,2";
				TEST_HOST = "$(BUILT_PRODUCTS_DIR)/ZoomPanView.app/$(BUNDLE_EXECUTABLE_FOLDER_PATH)/ZoomPanView";
			};
			name = Release;
		};
		F56FA9DE2CD0FADF000B696D /* Debug */ = {
			isa = XCBuildConfiguration;
			buildSettings = {
				CODE_SIGN_STYLE = Automatic;
				CURRENT_PROJECT_VERSION = 1;
				DEVELOPMENT_TEAM = 6793T2GZPD;
				GENERATE_INFOPLIST_FILE = YES;
				MARKETING_VERSION = 1.0;
				PRODUCT_BUNDLE_IDENTIFIER = pyronix.ZoomPanViewUITests;
				PRODUCT_NAME = "$(TARGET_NAME)";
				SWIFT_EMIT_LOC_STRINGS = NO;
				SWIFT_VERSION = 5.0;
				TARGETED_DEVICE_FAMILY = "1,2";
				TEST_TARGET_NAME = ZoomPanView;
			};
			name = Debug;
		};
		F56FA9DF2CD0FADF000B696D /* Release */ = {
			isa = XCBuildConfiguration;
			buildSettings = {
				CODE_SIGN_STYLE = Automatic;
				CURRENT_PROJECT_VERSION = 1;
				DEVELOPMENT_TEAM = 6793T2GZPD;
				GENERATE_INFOPLIST_FILE = YES;
				MARKETING_VERSION = 1.0;
				PRODUCT_BUNDLE_IDENTIFIER = pyronix.ZoomPanViewUITests;
				PRODUCT_NAME = "$(TARGET_NAME)";
				SWIFT_EMIT_LOC_STRINGS = NO;
				SWIFT_VERSION = 5.0;
				TARGETED_DEVICE_FAMILY = "1,2";
				TEST_TARGET_NAME = ZoomPanView;
			};
			name = Release;
		};
/* End XCBuildConfiguration section */

/* Begin XCConfigurationList section */
		F56FA9AE2CD0FADD000B696D /* Build configuration list for PBXProject "ZoomPanView" */ = {
			isa = XCConfigurationList;
			buildConfigurations = (
				F56FA9D52CD0FADF000B696D /* Debug */,
				F56FA9D62CD0FADF000B696D /* Release */,
			);
			defaultConfigurationIsVisible = 0;
			defaultConfigurationName = Release;
		};
		F56FA9D72CD0FADF000B696D /* Build configuration list for PBXNativeTarget "ZoomPanView" */ = {
			isa = XCConfigurationList;
			buildConfigurations = (
				F56FA9D82CD0FADF000B696D /* Debug */,
				F56FA9D92CD0FADF000B696D /* Release */,
			);
			defaultConfigurationIsVisible = 0;
			defaultConfigurationName = Release;
		};
		F56FA9DA2CD0FADF000B696D /* Build configuration list for PBXNativeTarget "ZoomPanViewTests" */ = {
			isa = XCConfigurationList;
			buildConfigurations = (
				F56FA9DB2CD0FADF000B696D /* Debug */,
				F56FA9DC2CD0FADF000B696D /* Release */,
			);
			defaultConfigurationIsVisible = 0;
			defaultConfigurationName = Release;
		};
		F56FA9DD2CD0FADF000B696D /* Build configuration list for PBXNativeTarget "ZoomPanViewUITests" */ = {
			isa = XCConfigurationList;
			buildConfigurations = (
				F56FA9DE2CD0FADF000B696D /* Debug */,
				F56FA9DF2CD0FADF000B696D /* Release */,
			);
			defaultConfigurationIsVisible = 0;
			defaultConfigurationName = Release;
		};
/* End XCConfigurationList section */
	};
	rootObject = F56FA9AB2CD0FADD000B696D /* Project object */;
}
